
Microsoft Visual Studio Solution File, Format Version 12.00
# Visual Studio 14
VisualStudioVersion = 14.0.25420.1
MinimumVisualStudioVersion = 10.0.40219.1
Project("{F2A71F9B-5D33-465A-A702-920D77279786}") = "Capstone2", "Capstone2.fsproj", "{FAAD7C3C-09F3-428E-8B92-AB050754F6B7}"
EndProject
Global
	GlobalSection(SolutionConfigurationPlatforms) = preSolution
		Debug|Any CPU = Debug|Any CPU
		Release|Any CPU = Release|Any CPU
	EndGlobalSection
	GlobalSection(ProjectConfigurationPlatforms) = postSolution
		{FAAD7C3C-09F3-428E-8B92-AB050754F6B7}.Debug|Any CPU.ActiveCfg = Debug|Any CPU
		{FAAD7C3C-09F3-428E-8B92-AB050754F6B7}.Debug|Any CPU.Build.0 = Debug|Any CPU
		{FAAD7C3C-09F3-428E-8B92-AB050754F6B7}.Release|Any CPU.ActiveCfg = Release|Any CPU
		{FAAD7C3C-09F3-428E-8B92-AB050754F6B7}.Release|Any CPU.Build.0 = Release|Any CPU
	EndGlobalSection
	GlobalSection(SolutionProperties) = preSolution
		HideSolutionNode = FALSE
	EndGlobalSection
EndGlobal
